{
  "name": "University-Grading-System",
  "lockfileVersion": 3,
  "requires": true,
  "packages": {
    "": {
      "devDependencies": {
        "@evilmartians/lefthook": "^1.12.2"
      }
    },
    "node_modules/@evilmartians/lefthook": {
      "version": "1.12.2",
      "resolved": "https://registry.npmjs.org/@evilmartians/lefthook/-/lefthook-1.12.2.tgz",
      "integrity": "sha512-PQ7ZE08JiRNWydJpDeVijg8GjoTFiXQTy5/mVXf5U7epNZWYUEfnwjfXFa+HvsegodQcTenl05twrRxB/vOR8Q==",
      "cpu": [
        "x64",
        "arm64",
        "ia32"
      ],
      "dev": true,
      "hasInstallScript": true,
      "license": "MIT",
      "os": [
        "darwin",
        "linux",
        "win32"
      ],
      "bin": {
        "lefthook": "bin/index.js"
      }
    }
  }
}
